{
    "_meta": {
        "hash": {
            "sha256": "65a4ead9306c994ea167e1c69205f1e951e32f04a05d511436974c45fcd9e633"
        },
        "pipfile-spec": 6,
        "requires": {
            "python_version": "3.4"
        },
        "sources": [
            {
                "name": "pypi",
                "url": "https://pypi.org/simple",
                "verify_ssl": true
            }
        ]
    },
    "default": {},
    "develop": {
        "e1839a8": {
            "editable": true,
            "path": "."
        }
    }
}
